
Microsoft Visual Studio Solution File, Format Version 12.00
# Visual Studio 14
VisualStudioVersion = 14.0.23107.0
MinimumVisualStudioVersion = 10.0.40219.1
Project("{FAE04EC0-301F-11D3-BF4B-00C04F79EFBC}") = "TWebApi", "TWebApi\TWebApi.csproj", "{EE73A994-07EB-4DFB-8CDF-B64180248940}"
EndProject
Global
	GlobalSection(SolutionConfigurationPlatforms) = preSolution
		Debug|Any CPU = Debug|Any CPU
		Release|Any CPU = Release|Any CPU
	EndGlobalSection
	GlobalSection(ProjectConfigurationPlatforms) = postSolution
		{EE73A994-07EB-4DFB-8CDF-B64180248940}.Debug|Any CPU.ActiveCfg = Debug|Any CPU
		{EE73A994-07EB-4DFB-8CDF-B64180248940}.Debug|Any CPU.Build.0 = Debug|Any CPU
		{EE73A994-07EB-4DFB-8CDF-B64180248940}.Debug|Any CPU.Deploy.0 = Debug|Any CPU
		{EE73A994-07EB-4DFB-8CDF-B64180248940}.Release|Any CPU.ActiveCfg = Release|Any CPU
		{EE73A994-07EB-4DFB-8CDF-B64180248940}.Release|Any CPU.Build.0 = Release|Any CPU
	EndGlobalSection
	GlobalSection(SolutionProperties) = preSolution
		HideSolutionNode = FALSE
	EndGlobalSection
EndGlobal
